
Microsoft Visual Studio Solution File, Format Version 12.00
# Visual Studio Version 17
VisualStudioVersion = 17.9.34728.123
MinimumVisualStudioVersion = 10.0.40219.1
Project("{9A19103F-16F7-4668-BE54-9A1E7A4F7556}") = "Invoke_Auth_Rest_Write", "Invoke_Auth_Rest_Write.csproj", "{6FA0888A-86DE-4521-93B8-6985EEA4D5F8}"
EndProject
Global
	GlobalSection(SolutionConfigurationPlatforms) = preSolution
		Debug|Any CPU = Debug|Any CPU
		Release|Any CPU = Release|Any CPU
	EndGlobalSection
	GlobalSection(ProjectConfigurationPlatforms) = postSolution
		{6FA0888A-86DE-4521-93B8-6985EEA4D5F8}.Debug|Any CPU.ActiveCfg = Debug|Any CPU
		{6FA0888A-86DE-4521-93B8-6985EEA4D5F8}.Debug|Any CPU.Build.0 = Debug|Any CPU
		{6FA0888A-86DE-4521-93B8-6985EEA4D5F8}.Release|Any CPU.ActiveCfg = Release|Any CPU
		{6FA0888A-86DE-4521-93B8-6985EEA4D5F8}.Release|Any CPU.Build.0 = Release|Any CPU
	EndGlobalSection
	GlobalSection(SolutionProperties) = preSolution
		HideSolutionNode = FALSE
	EndGlobalSection
	GlobalSection(ExtensibilityGlobals) = postSolution
		SolutionGuid = {E1194AF5-832B-4222-B225-464402FB83B7}
	EndGlobalSection
EndGlobal
